
Microsoft Visual Studio Solution File, Format Version 12.00
# Visual Studio Version 17
VisualStudioVersion = 17.4.33213.308
MinimumVisualStudioVersion = 10.0.40219.1
Project("{9A19103F-16F7-4668-BE54-9A1E7A4F7556}") = "RailroadStation.TestTask.ConsoleApp", "RailroadStation.TestTask.Console\RailroadStation.TestTask.ConsoleApp.csproj", "{C4CC3030-9458-4EBA-82A0-719DF30AD8A9}"
EndProject
Project("{2150E333-8FDC-42A3-9474-1A3956D46DE8}") = "Solution Items", "Solution Items", "{8BF1EAA6-DBD2-459C-9C5D-2640534150F4}"
EndProject
Project("{9A19103F-16F7-4668-BE54-9A1E7A4F7556}") = "RailroadStation.TestTask.Domain", "RailroadStation.TestTask.Domain\RailroadStation.TestTask.Domain.csproj", "{D1BC2DD6-5F8B-4AED-BF57-ABC0328F92FA}"
EndProject
Project("{FAE04EC0-301F-11D3-BF4B-00C04F79EFBC}") = "RailroadStation.TestTask.Persistence", "RailroadStation.TestTask.Persistence\RailroadStation.TestTask.Persistence.csproj", "{42CCA178-A30A-4158-B822-835B07EDF1BC}"
EndProject
Project("{FAE04EC0-301F-11D3-BF4B-00C04F79EFBC}") = "RailroadStation.TestTask.Application", "RailroadStation.TestTask.Application\RailroadStation.TestTask.Application.csproj", "{0399F5E4-2BC3-4C4A-8685-A57D36A35472}"
EndProject
Project("{FAE04EC0-301F-11D3-BF4B-00C04F79EFBC}") = "RailroadStation.TestTask.Infrastructure", "RailroadStation.TestTask.Infrastructure\RailroadStation.TestTask.Infrastructure.csproj", "{73334F1A-F6C1-4BAF-8332-5C757AACBB75}"
EndProject
Global
	GlobalSection(SolutionConfigurationPlatforms) = preSolution
		Debug|Any CPU = Debug|Any CPU
		Release|Any CPU = Release|Any CPU
	EndGlobalSection
	GlobalSection(ProjectConfigurationPlatforms) = postSolution
		{C4CC3030-9458-4EBA-82A0-719DF30AD8A9}.Debug|Any CPU.ActiveCfg = Debug|Any CPU
		{C4CC3030-9458-4EBA-82A0-719DF30AD8A9}.Debug|Any CPU.Build.0 = Debug|Any CPU
		{C4CC3030-9458-4EBA-82A0-719DF30AD8A9}.Release|Any CPU.ActiveCfg = Release|Any CPU
		{C4CC3030-9458-4EBA-82A0-719DF30AD8A9}.Release|Any CPU.Build.0 = Release|Any CPU
		{D1BC2DD6-5F8B-4AED-BF57-ABC0328F92FA}.Debug|Any CPU.ActiveCfg = Debug|Any CPU
		{D1BC2DD6-5F8B-4AED-BF57-ABC0328F92FA}.Debug|Any CPU.Build.0 = Debug|Any CPU
		{D1BC2DD6-5F8B-4AED-BF57-ABC0328F92FA}.Release|Any CPU.ActiveCfg = Release|Any CPU
		{D1BC2DD6-5F8B-4AED-BF57-ABC0328F92FA}.Release|Any CPU.Build.0 = Release|Any CPU
		{42CCA178-A30A-4158-B822-835B07EDF1BC}.Debug|Any CPU.ActiveCfg = Debug|Any CPU
		{42CCA178-A30A-4158-B822-835B07EDF1BC}.Debug|Any CPU.Build.0 = Debug|Any CPU
		{42CCA178-A30A-4158-B822-835B07EDF1BC}.Release|Any CPU.ActiveCfg = Release|Any CPU
		{42CCA178-A30A-4158-B822-835B07EDF1BC}.Release|Any CPU.Build.0 = Release|Any CPU
		{0399F5E4-2BC3-4C4A-8685-A57D36A35472}.Debug|Any CPU.ActiveCfg = Debug|Any CPU
		{0399F5E4-2BC3-4C4A-8685-A57D36A35472}.Debug|Any CPU.Build.0 = Debug|Any CPU
		{0399F5E4-2BC3-4C4A-8685-A57D36A35472}.Release|Any CPU.ActiveCfg = Release|Any CPU
		{0399F5E4-2BC3-4C4A-8685-A57D36A35472}.Release|Any CPU.Build.0 = Release|Any CPU
		{73334F1A-F6C1-4BAF-8332-5C757AACBB75}.Debug|Any CPU.ActiveCfg = Debug|Any CPU
		{73334F1A-F6C1-4BAF-8332-5C757AACBB75}.Debug|Any CPU.Build.0 = Debug|Any CPU
		{73334F1A-F6C1-4BAF-8332-5C757AACBB75}.Release|Any CPU.ActiveCfg = Release|Any CPU
		{73334F1A-F6C1-4BAF-8332-5C757AACBB75}.Release|Any CPU.Build.0 = Release|Any CPU
	EndGlobalSection
	GlobalSection(SolutionProperties) = preSolution
		HideSolutionNode = FALSE
	EndGlobalSection
	GlobalSection(ExtensibilityGlobals) = postSolution
		SolutionGuid = {C8AB9D05-E383-49C8-B5BD-1307661E9971}
	EndGlobalSection
EndGlobal
